// !$*UTF8*$!
{
	archiveVersion = 1;
	classes = {
	};
	objectVersion = 56;
	objects = {

/* Begin PBXBuildFile section */
		BDC4A7B62C5A2BF900D1810C /* typewritingApp.swift in Sources */ = {isa = PBXBuildFile; fileRef = BDC4A7B52C5A2BF900D1810C /* typewritingApp.swift */; };
		BDC4A7B82C5A2BF900D1810C /* ContentView.swift in Sources */ = {isa = PBXBuildFile; fileRef = BDC4A7B72C5A2BF900D1810C /* ContentView.swift */; };
		BDC4A7BA2C5A2BFB00D1810C /* Assets.xcassets in Resources */ = {isa = PBXBuildFile; fileRef = BDC4A7B92C5A2BFB00D1810C /* Assets.xcassets */; };
		BDC4A7BD2C5A2BFB00D1810C /* Preview Assets.xcassets in Resources */ = {isa = PBXBuildFile; fileRef = BDC4A7BC2C5A2BFB00D1810C /* Preview Assets.xcassets */; };
		BDC4A7C72C5A2BFC00D1810C /* typewritingTests.swift in Sources */ = {isa = PBXBuildFile; fileRef = BDC4A7C62C5A2BFC00D1810C /* typewritingTests.swift */; };
		BDC4A7D12C5A2BFC00D1810C /* typewritingUITests.swift in Sources */ = {isa = PBXBuildFile; fileRef = BDC4A7D02C5A2BFC00D1810C /* typewritingUITests.swift */; };
		BDC4A7D32C5A2BFC00D1810C /* typewritingUITestsLaunchTests.swift in Sources */ = {isa = PBXBuildFile; fileRef = BDC4A7D22C5A2BFC00D1810C /* typewritingUITestsLaunchTests.swift */; };
		BDC4A8162C5A2F6200D1810C /* SwiftUIView.swift in Sources */ = {isa = PBXBuildFile; fileRef = BDC4A8152C5A2F6200D1810C /* SwiftUIView.swift */; };
/* End PBXBuildFile section */

/* Begin PBXContainerItemProxy section */
		BDC4A7C32C5A2BFC00D1810C /* PBXContainerItemProxy */ = {
			isa = PBXContainerItemProxy;
			containerPortal = BDC4A7AA2C5A2BF900D1810C /* Project object */;
			proxyType = 1;
			remoteGlobalIDString = BDC4A7B12C5A2BF900D1810C;
			remoteInfo = typewriting;
		};
		BDC4A7CD2C5A2BFC00D1810C /* PBXContainerItemProxy */ = {
			isa = PBXContainerItemProxy;
			containerPortal = BDC4A7AA2C5A2BF900D1810C /* Project object */;
			proxyType = 1;
			remoteGlobalIDString = BDC4A7B12C5A2BF900D1810C;
			remoteInfo = typewriting;
		};
/* End PBXContainerItemProxy section */

/* Begin PBXFileReference section */
		BDC4A7B22C5A2BF900D1810C /* typewriting.app */ = {isa = PBXFileReference; explicitFileType = wrapper.application; includeInIndex = 0; path = typewriting.app; sourceTree = BUILT_PRODUCTS_DIR; };
		BDC4A7B52C5A2BF900D1810C /* typewritingApp.swift */ = {isa = PBXFileReference; lastKnownFileType = sourcecode.swift; path = typewritingApp.swift; sourceTree = "<group>"; };
		BDC4A7B72C5A2BF900D1810C /* ContentView.swift */ = {isa = PBXFileReference; lastKnownFileType = sourcecode.swift; path = ContentView.swift; sourceTree = "<group>"; };
		BDC4A7B92C5A2BFB00D1810C /* Assets.xcassets */ = {isa = PBXFileReference; lastKnownFileType = folder.assetcatalog; path = Assets.xcassets; sourceTree = "<group>"; };
		BDC4A7BC2C5A2BFB00D1810C /* Preview Assets.xcassets */ = {isa = PBXFileReference; lastKnownFileType = folder.assetcatalog; path = "Preview Assets.xcassets"; sourceTree = "<group>"; };
		BDC4A7C22C5A2BFC00D1810C /* typewritingTests.xctest */ = {isa = PBXFileReference; explicitFileType = wrapper.cfbundle; includeInIndex = 0; path = typewritingTests.xctest; sourceTree = BUILT_PRODUCTS_DIR; };
		BDC4A7C62C5A2BFC00D1810C /* typewritingTests.swift */ = {isa = PBXFileReference; lastKnownFileType = sourcecode.swift; path = typewritingTests.swift; sourceTree = "<group>"; };
		BDC4A7CC2C5A2BFC00D1810C /* typewritingUITests.xctest */ = {isa = PBXFileReference; explicitFileType = wrapper.cfbundle; includeInIndex = 0; path = typewritingUITests.xctest; sourceTree = BUILT_PRODUCTS_DIR; };
		BDC4A7D02C5A2BFC00D1810C /* typewritingUITests.swift */ = {isa = PBXFileReference; lastKnownFileType = sourcecode.swift; path = typewritingUITests.swift; sourceTree = "<group>"; };
		BDC4A7D22C5A2BFC00D1810C /* typewritingUITestsLaunchTests.swift */ = {isa = PBXFileReference; lastKnownFileType = sourcecode.swift; path = typewritingUITestsLaunchTests.swift; sourceTree = "<group>"; };
		BDC4A8152C5A2F6200D1810C /* SwiftUIView.swift */ = {isa = PBXFileReference; lastKnownFileType = sourcecode.swift; name = SwiftUIView.swift; path = typewriting/SwiftUIView.swift; sourceTree = SOURCE_ROOT; };
/* End PBXFileReference section */

/* Begin PBXFrameworksBuildPhase section */
		BDC4A7AF2C5A2BF900D1810C /* Frameworks */ = {
			isa = PBXFrameworksBuildPhase;
			buildActionMask = 2147483647;
			files = (
			);
			runOnlyForDeploymentPostprocessing = 0;
		};
		BDC4A7BF2C5A2BFC00D1810C /* Frameworks */ = {
			isa = PBXFrameworksBuildPhase;
			buildActionMask = 2147483647;
			files = (
			);
			runOnlyForDeploymentPostprocessing = 0;
		};
		BDC4A7C92C5A2BFC00D1810C /* Frameworks */ = {
			isa = PBXFrameworksBuildPhase;
			buildActionMask = 2147483647;
			files = (
			);
			runOnlyForDeploymentPostprocessing = 0;
		};
/* End PBXFrameworksBuildPhase section */

/* Begin PBXGroup section */
		BDC4A7A92C5A2BF900D1810C = {
			isa = PBXGroup;
			children = (
				BDC4A7B42C5A2BF900D1810C /* typewriting */,
				BDC4A7C52C5A2BFC00D1810C /* typewritingTests */,
				BDC4A7CF2C5A2BFC00D1810C /* typewritingUITests */,
				BDC4A7B32C5A2BF900D1810C /* Products */,
			);
			sourceTree = "<group>";
		};
		BDC4A7B32C5A2BF900D1810C /* Products */ = {
			isa = PBXGroup;
			children = (
				BDC4A7B22C5A2BF900D1810C /* typewriting.app */,
				BDC4A7C22C5A2BFC00D1810C /* typewritingTests.xctest */,
				BDC4A7CC2C5A2BFC00D1810C /* typewritingUITests.xctest */,
			);
			name = Products;
			sourceTree = "<group>";
		};
		BDC4A7B42C5A2BF900D1810C /* typewriting */ = {
			isa = PBXGroup;
			children = (
				BDC4A7B52C5A2BF900D1810C /* typewritingApp.swift */,
				BDC4A7B72C5A2BF900D1810C /* ContentView.swift */,
				BDC4A7B92C5A2BFB00D1810C /* Assets.xcassets */,
				BDC4A7BB2C5A2BFB00D1810C /* Preview Content */,
			);
			path = typewriting;
			sourceTree = "<group>";
		};
		BDC4A7BB2C5A2BFB00D1810C /* Preview Content */ = {
			isa = PBXGroup;
			children = (
				BDC4A8152C5A2F6200D1810C /* SwiftUIView.swift */,
				BDC4A7BC2C5A2BFB00D1810C /* Preview Assets.xcassets */,
			);
			path = "Preview Content";
			sourceTree = "<group>";
		};
		BDC4A7C52C5A2BFC00D1810C /* typewritingTests */ = {
			isa = PBXGroup;
			children = (
				BDC4A7C62C5A2BFC00D1810C /* typewritingTests.swift */,
			);
			path = typewritingTests;
			sourceTree = "<group>";
		};
		BDC4A7CF2C5A2BFC00D1810C /* typewritingUITests */ = {
			isa = PBXGroup;
			children = (
				BDC4A7D02C5A2BFC00D1810C /* typewritingUITests.swift */,
				BDC4A7D22C5A2BFC00D1810C /* typewritingUITestsLaunchTests.swift */,
			);
			path = typewritingUITests;
			sourceTree = "<group>";
		};
/* End PBXGroup section */

/* Begin PBXNativeTarget section */
		BDC4A7B12C5A2BF900D1810C /* typewriting */ = {
			isa = PBXNativeTarget;
			buildConfigurationList = BDC4A7D62C5A2BFC00D1810C /* Build configuration list for PBXNativeTarget "typewriting" */;
			buildPhases = (
				BDC4A7AE2C5A2BF900D1810C /* Sources */,
				BDC4A7AF2C5A2BF900D1810C /* Frameworks */,
				BDC4A7B02C5A2BF900D1810C /* Resources */,
			);
			buildRules = (
			);
			dependencies = (
			);
			name = typewriting;
			productName = typewriting;
			productReference = BDC4A7B22C5A2BF900D1810C /* typewriting.app */;
			productType = "com.apple.product-type.application";
		};
		BDC4A7C12C5A2BFC00D1810C /* typewritingTests */ = {
			isa = PBXNativeTarget;
			buildConfigurationList = BDC4A7D92C5A2BFC00D1810C /* Build configuration list for PBXNativeTarget "typewritingTests" */;
			buildPhases = (
				BDC4A7BE2C5A2BFC00D1810C /* Sources */,
				BDC4A7BF2C5A2BFC00D1810C /* Frameworks */,
				BDC4A7C02C5A2BFC00D1810C /* Resources */,
			);
			buildRules = (
			);
			dependencies = (
				BDC4A7C42C5A2BFC00D1810C /* PBXTargetDependency */,
			);
			name = typewritingTests;
			productName = typewritingTests;
			productReference = BDC4A7C22C5A2BFC00D1810C /* typewritingTests.xctest */;
			productType = "com.apple.product-type.bundle.unit-test";
		};
		BDC4A7CB2C5A2BFC00D1810C /* typewritingUITests */ = {
			isa = PBXNativeTarget;
			buildConfigurationList = BDC4A7DC2C5A2BFC00D1810C /* Build configuration list for PBXNativeTarget "typewritingUITests" */;
			buildPhases = (
				BDC4A7C82C5A2BFC00D1810C /* Sources */,
				BDC4A7C92C5A2BFC00D1810C /* Frameworks */,
				BDC4A7CA2C5A2BFC00D1810C /* Resources */,
			);
			buildRules = (
			);
			dependencies = (
				BDC4A7CE2C5A2BFC00D1810C /* PBXTargetDependency */,
			);
			name = typewritingUITests;
			productName = typewritingUITests;
			productReference = BDC4A7CC2C5A2BFC00D1810C /* typewritingUITests.xctest */;
			productType = "com.apple.product-type.bundle.ui-testing";
		};
/* End PBXNativeTarget section */

/* Begin PBXProject section */
		BDC4A7AA2C5A2BF900D1810C /* Project object */ = {
			isa = PBXProject;
			attributes = {
				BuildIndependentTargetsInParallel = 1;
				LastSwiftUpdateCheck = 1540;
				LastUpgradeCheck = 1540;
				TargetAttributes = {
					BDC4A7B12C5A2BF900D1810C = {
						CreatedOnToolsVersion = 15.4;
					};
					BDC4A7C12C5A2BFC00D1810C = {
						CreatedOnToolsVersion = 15.4;
						TestTargetID = BDC4A7B12C5A2BF900D1810C;
					};
					BDC4A7CB2C5A2BFC00D1810C = {
						CreatedOnToolsVersion = 15.4;
						TestTargetID = BDC4A7B12C5A2BF900D1810C;
					};
				};
			};
			buildConfigurationList = BDC4A7AD2C5A2BF900D1810C /* Build configuration list for PBXProject "typewriting" */;
			compatibilityVersion = "Xcode 14.0";
			developmentRegion = en;
			hasScannedForEncodings = 0;
			knownRegions = (
				en,
				Base,
			);
			mainGroup = BDC4A7A92C5A2BF900D1810C;
			productRefGroup = BDC4A7B32C5A2BF900D1810C /* Products */;
			projectDirPath = "";
			projectRoot = "";
			targets = (
				BDC4A7B12C5A2BF900D1810C /* typewriting */,
				BDC4A7C12C5A2BFC00D1810C /* typewritingTests */,
				BDC4A7CB2C5A2BFC00D1810C /* typewritingUITests */,
			);
		};
/* End PBXProject section */

/* Begin PBXResourcesBuildPhase section */
		BDC4A7B02C5A2BF900D1810C /* Resources */ = {
			isa = PBXResourcesBuildPhase;
			buildActionMask = 2147483647;
			files = (
				BDC4A7BD2C5A2BFB00D1810C /* Preview Assets.xcassets in Resources */,
				BDC4A7BA2C5A2BFB00D1810C /* Assets.xcassets in Resources */,
			);
			runOnlyForDeploymentPostprocessing = 0;
		};
		BDC4A7C02C5A2BFC00D1810C /* Resources */ = {
			isa = PBXResourcesBuildPhase;
			buildActionMask = 2147483647;
			files = (
			);
			runOnlyForDeploymentPostprocessing = 0;
		};
		BDC4A7CA2C5A2BFC00D1810C /* Resources */ = {
			isa = PBXResourcesBuildPhase;
			buildActionMask = 2147483647;
			files = (
			);
			runOnlyForDeploymentPostprocessing = 0;
		};
/* End PBXResourcesBuildPhase section */

/* Begin PBXSourcesBuildPhase section */
		BDC4A7AE2C5A2BF900D1810C /* Sources */ = {
			isa = PBXSourcesBuildPhase;
			buildActionMask = 2147483647;
			files = (
				BDC4A7B82C5A2BF900D1810C /* ContentView.swift in Sources */,
				BDC4A7B62C5A2BF900D1810C /* typewritingApp.swift in Sources */,
				BDC4A8162C5A2F6200D1810C /* SwiftUIView.swift in Sources */,
			);
			runOnlyForDeploymentPostprocessing = 0;
		};
		BDC4A7BE2C5A2BFC00D1810C /* Sources */ = {
			isa = PBXSourcesBuildPhase;
			buildActionMask = 2147483647;
			files = (
				BDC4A7C72C5A2BFC00D1810C /* typewritingTests.swift in Sources */,
			);
			runOnlyForDeploymentPostprocessing = 0;
		};
		BDC4A7C82C5A2BFC00D1810C /* Sources */ = {
			isa = PBXSourcesBuildPhase;
			buildActionMask = 2147483647;
			files = (
				BDC4A7D12C5A2BFC00D1810C /* typewritingUITests.swift in Sources */,
				BDC4A7D32C5A2BFC00D1810C /* typewritingUITestsLaunchTests.swift in Sources */,
			);
			runOnlyForDeploymentPostprocessing = 0;
		};
/* End PBXSourcesBuildPhase section */

/* Begin PBXTargetDependency section */
		BDC4A7C42C5A2BFC00D1810C /* PBXTargetDependency */ = {
			isa = PBXTargetDependency;
			target = BDC4A7B12C5A2BF900D1810C /* typewriting */;
			targetProxy = BDC4A7C32C5A2BFC00D1810C /* PBXContainerItemProxy */;
		};
		BDC4A7CE2C5A2BFC00D1810C /* PBXTargetDependency */ = {
			isa = PBXTargetDependency;
			target = BDC4A7B12C5A2BF900D1810C /* typewriting */;
			targetProxy = BDC4A7CD2C5A2BFC00D1810C /* PBXContainerItemProxy */;
		};
/* End PBXTargetDependency section */

/* Begin XCBuildConfiguration section */
		BDC4A7D42C5A2BFC00D1810C /* Debug */ = {
			isa = XCBuildConfiguration;
			buildSettings = {
				ALWAYS_SEARCH_USER_PATHS = NO;
				ASSETCATALOG_COMPILER_GENERATE_SWIFT_ASSET_SYMBOL_EXTENSIONS = YES;
				CLANG_ANALYZER_NONNULL = YES;
				CLANG_ANALYZER_NUMBER_OBJECT_CONVERSION = YES_AGGRESSIVE;
				CLANG_CXX_LANGUAGE_STANDARD = "gnu++20";
				CLANG_ENABLE_MODULES = YES;
				CLANG_ENABLE_OBJC_ARC = YES;
				CLANG_ENABLE_OBJC_WEAK = YES;
				CLANG_WARN_BLOCK_CAPTURE_AUTORELEASING = YES;
				CLANG_WARN_BOOL_CONVERSION = YES;
				CLANG_WARN_COMMA = YES;
				CLANG_WARN_CONSTANT_CONVERSION = YES;
				CLANG_WARN_DEPRECATED_OBJC_IMPLEMENTATIONS = YES;
				CLANG_WARN_DIRECT_OBJC_ISA_USAGE = YES_ERROR;
				CLANG_WARN_DOCUMENTATION_COMMENTS = YES;
				CLANG_WARN_EMPTY_BODY = YES;
				CLANG_WARN_ENUM_CONVERSION = YES;
				CLANG_WARN_INFINITE_RECURSION = YES;
				CLANG_WARN_INT_CONVERSION = YES;
				CLANG_WARN_NON_LITERAL_NULL_CONVERSION = YES;
				CLANG_WARN_OBJC_IMPLICIT_RETAIN_SELF = YES;
				CLANG_WARN_OBJC_LITERAL_CONVERSION = YES;
				CLANG_WARN_OBJC_ROOT_CLASS = YES_ERROR;
				CLANG_WARN_QUOTED_INCLUDE_IN_FRAMEWORK_HEADER = YES;
				CLANG_WARN_RANGE_LOOP_ANALYSIS = YES;
				CLANG_WARN_STRICT_PROTOTYPES = YES;
				CLANG_WARN_SUSPICIOUS_MOVE = YES;
				CLANG_WARN_UNGUARDED_AVAILABILITY = YES_AGGRESSIVE;
				CLANG_WARN_UNREACHABLE_CODE = YES;
				CLANG_WARN__DUPLICATE_METHOD_MATCH = YES;
				COPY_PHASE_STRIP = NO;
				DEBUG_INFORMATION_FORMAT = dwarf;
				ENABLE_STRICT_OBJC_MSGSEND = YES;
				ENABLE_TESTABILITY = YES;
				ENABLE_USER_SCRIPT_SANDBOXING = YES;
				GCC_C_LANGUAGE_STANDARD = gnu17;
				GCC_DYNAMIC_NO_PIC = NO;
				GCC_NO_COMMON_BLOCKS = YES;
				GCC_OPTIMIZATION_LEVEL = 0;
				GCC_PREPROCESSOR_DEFINITIONS = (
					"DEBUG=1",
					"$(inherited)",
				);
				GCC_WARN_64_TO_32_BIT_CONVERSION = YES;
				GCC_WARN_ABOUT_RETURN_TYPE = YES_ERROR;
				GCC_WARN_UNDECLARED_SELECTOR = YES;
				GCC_WARN_UNINITIALIZED_AUTOS = YES_AGGRESSIVE;
				GCC_WARN_UNUSED_FUNCTION = YES;
				GCC_WARN_UNUSED_VARIABLE = YES;
				IPHONEOS_DEPLOYMENT_TARGET = 17.5;
				LOCALIZATION_PREFERS_STRING_CATALOGS = YES;
				MTL_ENABLE_DEBUG_INFO = INCLUDE_SOURCE;
				MTL_FAST_MATH = YES;
				ONLY_ACTIVE_ARCH = YES;
				SDKROOT = iphoneos;
				SWIFT_ACTIVE_COMPILATION_CONDITIONS = "DEBUG $(inherited)";
				SWIFT_OPTIMIZATION_LEVEL = "-Onone";
			};
			name = Debug;
		};
		BDC4A7D52C5A2BFC00D1810C /* Release */ = {
			isa = XCBuildConfiguration;
			buildSettings = {
				ALWAYS_SEARCH_USER_PATHS = NO;
				ASSETCATALOG_COMPILER_GENERATE_SWIFT_ASSET_SYMBOL_EXTENSIONS = YES;
				CLANG_ANALYZER_NONNULL = YES;
				CLANG_ANALYZER_NUMBER_OBJECT_CONVERSION = YES_AGGRESSIVE;
				CLANG_CXX_LANGUAGE_STANDARD = "gnu++20";
				CLANG_ENABLE_MODULES = YES;
				CLANG_ENABLE_OBJC_ARC = YES;
				CLANG_ENABLE_OBJC_WEAK = YES;
				CLANG_WARN_BLOCK_CAPTURE_AUTORELEASING = YES;
				CLANG_WARN_BOOL_CONVERSION = YES;
				CLANG_WARN_COMMA = YES;
				CLANG_WARN_CONSTANT_CONVERSION = YES;
				CLANG_WARN_DEPRECATED_OBJC_IMPLEMENTATIONS = YES;
				CLANG_WARN_DIRECT_OBJC_ISA_USAGE = YES_ERROR;
				CLANG_WARN_DOCUMENTATION_COMMENTS = YES;
				CLANG_WARN_EMPTY_BODY = YES;
				CLANG_WARN_ENUM_CONVERSION = YES;
				CLANG_WARN_INFINITE_RECURSION = YES;
				CLANG_WARN_INT_CONVERSION = YES;
				CLANG_WARN_NON_LITERAL_NULL_CONVERSION = YES;
				CLANG_WARN_OBJC_IMPLICIT_RETAIN_SELF = YES;
				CLANG_WARN_OBJC_LITERAL_CONVERSION = YES;
				CLANG_WARN_OBJC_ROOT_CLASS = YES_ERROR;
				CLANG_WARN_QUOTED_INCLUDE_IN_FRAMEWORK_HEADER = YES;
				CLANG_WARN_RANGE_LOOP_ANALYSIS = YES;
				CLANG_WARN_STRICT_PROTOTYPES = YES;
				CLANG_WARN_SUSPICIOUS_MOVE = YES;
				CLANG_WARN_UNGUARDED_AVAILABILITY = YES_AGGRESSIVE;
				CLANG_WARN_UNREACHABLE_CODE = YES;
				CLANG_WARN__DUPLICATE_METHOD_MATCH = YES;
				COPY_PHASE_STRIP = NO;
				DEBUG_INFORMATION_FORMAT = "dwarf-with-dsym";
				ENABLE_NS_ASSERTIONS = NO;
				ENABLE_STRICT_OBJC_MSGSEND = YES;
				ENABLE_USER_SCRIPT_SANDBOXING = YES;
				GCC_C_LANGUAGE_STANDARD = gnu17;
				GCC_NO_COMMON_BLOCKS = YES;
				GCC_WARN_64_TO_32_BIT_CONVERSION = YES;
				GCC_WARN_ABOUT_RETURN_TYPE = YES_ERROR;
				GCC_WARN_UNDECLARED_SELECTOR = YES;
				GCC_WARN_UNINITIALIZED_AUTOS = YES_AGGRESSIVE;
				GCC_WARN_UNUSED_FUNCTION = YES;
				GCC_WARN_UNUSED_VARIABLE = YES;
				IPHONEOS_DEPLOYMENT_TARGET = 17.5;
				LOCALIZATION_PREFERS_STRING_CATALOGS = YES;
				MTL_ENABLE_DEBUG_INFO = NO;
				MTL_FAST_MATH = YES;
				SDKROOT = iphoneos;
				SWIFT_COMPILATION_MODE = wholemodule;
				VALIDATE_PRODUCT = YES;
			};
			name = Release;
		};
		BDC4A7D72C5A2BFC00D1810C /* Debug */ = {
			isa = XCBuildConfiguration;
			buildSettings = {
				ASSETCATALOG_COMPILER_APPICON_NAME = AppIcon;
				ASSETCATALOG_COMPILER_GLOBAL_ACCENT_COLOR_NAME = AccentColor;
				CODE_SIGN_STYLE = Automatic;
				CURRENT_PROJECT_VERSION = 1;
				DEVELOPMENT_ASSET_PATHS = "\"typewriting/Preview Content\"";
				ENABLE_PREVIEWS = YES;
				GENERATE_INFOPLIST_FILE = YES;
				INFOPLIST_KEY_UIApplicationSceneManifest_Generation = YES;
				INFOPLIST_KEY_UIApplicationSupportsIndirectInputEvents = YES;
				INFOPLIST_KEY_UILaunchScreen_Generation = YES;
				INFOPLIST_KEY_UISupportedInterfaceOrientations_iPad = "UIInterfaceOrientationPortrait UIInterfaceOrientationPortraitUpsideDown UIInterfaceOrientationLandscapeLeft UIInterfaceOrientationLandscapeRight";
				INFOPLIST_KEY_UISupportedInterfaceOrientations_iPhone = "UIInterfaceOrientationPortrait UIInterfaceOrientationLandscapeLeft UIInterfaceOrientationLandscapeRight";
				LD_RUNPATH_SEARCH_PATHS = (
					"$(inherited)",
					"@executable_path/Frameworks",
				);
				MARKETING_VERSION = 1.0;
				PRODUCT_BUNDLE_IDENTIFIER = kwk7.typewriting;
				PRODUCT_NAME = "$(TARGET_NAME)";
				SWIFT_EMIT_LOC_STRINGS = YES;
				SWIFT_VERSION = 5.0;
				TARGETED_DEVICE_FAMILY = "1,2";
			};
			name = Debug;
		};
		BDC4A7D82C5A2BFC00D1810C /* Release */ = {
			isa = XCBuildConfiguration;
			buildSettings = {
				ASSETCATALOG_COMPILER_APPICON_NAME = AppIcon;
				ASSETCATALOG_COMPILER_GLOBAL_ACCENT_COLOR_NAME = AccentColor;
				CODE_SIGN_STYLE = Automatic;
				CURRENT_PROJECT_VERSION = 1;
				DEVELOPMENT_ASSET_PATHS = "\"typewriting/Preview Content\"";
				ENABLE_PREVIEWS = YES;
				GENERATE_INFOPLIST_FILE = YES;
				INFOPLIST_KEY_UIApplicationSceneManifest_Generation = YES;
				INFOPLIST_KEY_UIApplicationSupportsIndirectInputEvents = YES;
				INFOPLIST_KEY_UILaunchScreen_Generation = YES;
				INFOPLIST_KEY_UISupportedInterfaceOrientations_iPad = "UIInterfaceOrientationPortrait UIInterfaceOrientationPortraitUpsideDown UIInterfaceOrientationLandscapeLeft UIInterfaceOrientationLandscapeRight";
				INFOPLIST_KEY_UISupportedInterfaceOrientations_iPhone = "UIInterfaceOrientationPortrait UIInterfaceOrientationLandscapeLeft UIInterfaceOrientationLandscapeRight";
				LD_RUNPATH_SEARCH_PATHS = (
					"$(inherited)",
					"@executable_path/Frameworks",
				);
				MARKETING_VERSION = 1.0;
				PRODUCT_BUNDLE_IDENTIFIER = kwk7.typewriting;
				PRODUCT_NAME = "$(TARGET_NAME)";
				SWIFT_EMIT_LOC_STRINGS = YES;
				SWIFT_VERSION = 5.0;
				TARGETED_DEVICE_FAMILY = "1,2";
			};
			name = Release;
		};
		BDC4A7DA2C5A2BFC00D1810C /* Debug */ = {
			isa = XCBuildConfiguration;
			buildSettings = {
				ALWAYS_EMBED_SWIFT_STANDARD_LIBRARIES = YES;
				BUNDLE_LOADER = "$(TEST_HOST)";
				CODE_SIGN_STYLE = Automatic;
				CURRENT_PROJECT_VERSION = 1;
				GENERATE_INFOPLIST_FILE = YES;
				IPHONEOS_DEPLOYMENT_TARGET = 17.5;
				MARKETING_VERSION = 1.0;
				PRODUCT_BUNDLE_IDENTIFIER = kwk7.typewritingTests;
				PRODUCT_NAME = "$(TARGET_NAME)";
				SWIFT_EMIT_LOC_STRINGS = NO;
				SWIFT_VERSION = 5.0;
				TARGETED_DEVICE_FAMILY = "1,2";
				TEST_HOST = "$(BUILT_PRODUCTS_DIR)/typewriting.app/$(BUNDLE_EXECUTABLE_FOLDER_PATH)/typewriting";
			};
			name = Debug;
		};
		BDC4A7DB2C5A2BFC00D1810C /* Release */ = {
			isa = XCBuildConfiguration;
			buildSettings = {
				ALWAYS_EMBED_SWIFT_STANDARD_LIBRARIES = YES;
				BUNDLE_LOADER = "$(TEST_HOST)";
				CODE_SIGN_STYLE = Automatic;
				CURRENT_PROJECT_VERSION = 1;
				GENERATE_INFOPLIST_FILE = YES;
				IPHONEOS_DEPLOYMENT_TARGET = 17.5;
				MARKETING_VERSION = 1.0;
				PRODUCT_BUNDLE_IDENTIFIER = kwk7.typewritingTests;
				PRODUCT_NAME = "$(TARGET_NAME)";
				SWIFT_EMIT_LOC_STRINGS = NO;
				SWIFT_VERSION = 5.0;
				TARGETED_DEVICE_FAMILY = "1,2";
				TEST_HOST = "$(BUILT_PRODUCTS_DIR)/typewriting.app/$(BUNDLE_EXECUTABLE_FOLDER_PATH)/typewriting";
			};
			name = Release;
		};
		BDC4A7DD2C5A2BFC00D1810C /* Debug */ = {
			isa = XCBuildConfiguration;
			buildSettings = {
				ALWAYS_EMBED_SWIFT_STANDARD_LIBRARIES = YES;
				CODE_SIGN_STYLE = Automatic;
				CURRENT_PROJECT_VERSION = 1;
				GENERATE_INFOPLIST_FILE = YES;
				MARKETING_VERSION = 1.0;
				PRODUCT_BUNDLE_IDENTIFIER = kwk7.typewritingUITests;
				PRODUCT_NAME = "$(TARGET_NAME)";
				SWIFT_EMIT_LOC_STRINGS = NO;
				SWIFT_VERSION = 5.0;
				TARGETED_DEVICE_FAMILY = "1,2";
				TEST_TARGET_NAME = typewriting;
			};
			name = Debug;
		};
		BDC4A7DE2C5A2BFC00D1810C /* Release */ = {
			isa = XCBuildConfiguration;
			buildSettings = {
				ALWAYS_EMBED_SWIFT_STANDARD_LIBRARIES = YES;
				CODE_SIGN_STYLE = Automatic;
				CURRENT_PROJECT_VERSION = 1;
				GENERATE_INFOPLIST_FILE = YES;
				MARKETING_VERSION = 1.0;
				PRODUCT_BUNDLE_IDENTIFIER = kwk7.typewritingUITests;
				PRODUCT_NAME = "$(TARGET_NAME)";
				SWIFT_EMIT_LOC_STRINGS = NO;
				SWIFT_VERSION = 5.0;
				TARGETED_DEVICE_FAMILY = "1,2";
				TEST_TARGET_NAME = typewriting;
			};
			name = Release;
		};
/* End XCBuildConfiguration section */

/* Begin XCConfigurationList section */
		BDC4A7AD2C5A2BF900D1810C /* Build configuration list for PBXProject "typewriting" */ = {
			isa = XCConfigurationList;
			buildConfigurations = (
				BDC4A7D42C5A2BFC00D1810C /* Debug */,
				BDC4A7D52C5A2BFC00D1810C /* Release */,
			);
			defaultConfigurationIsVisible = 0;
			defaultConfigurationName = Release;
		};
		BDC4A7D62C5A2BFC00D1810C /* Build configuration list for PBXNativeTarget "typewriting" */ = {
			isa = XCConfigurationList;
			buildConfigurations = (
				BDC4A7D72C5A2BFC00D1810C /* Debug */,
				BDC4A7D82C5A2BFC00D1810C /* Release */,
			);
			defaultConfigurationIsVisible = 0;
			defaultConfigurationName = Release;
		};
		BDC4A7D92C5A2BFC00D1810C /* Build configuration list for PBXNativeTarget "typewritingTests" */ = {
			isa = XCConfigurationList;
			buildConfigurations = (
				BDC4A7DA2C5A2BFC00D1810C /* Debug */,
				BDC4A7DB2C5A2BFC00D1810C /* Release */,
			);
			defaultConfigurationIsVisible = 0;
			defaultConfigurationName = Release;
		};
		BDC4A7DC2C5A2BFC00D1810C /* Build configuration list for PBXNativeTarget "typewritingUITests" */ = {
			isa = XCConfigurationList;
			buildConfigurations = (
				BDC4A7DD2C5A2BFC00D1810C /* Debug */,
				BDC4A7DE2C5A2BFC00D1810C /* Release */,
			);
			defaultConfigurationIsVisible = 0;
			defaultConfigurationName = Release;
		};
/* End XCConfigurationList section */
	};
	rootObject = BDC4A7AA2C5A2BF900D1810C /* Project object */;
}
